// !$*UTF8*$!
{
	archiveVersion = 1;
	classes = {
	};
	objectVersion = 50;
	objects = {

/* Begin PBXBuildFile section */
		5415D339246B1BB5004BEF29 /* offset.swift in Sources */ = {isa = PBXBuildFile; fileRef = 5415D338246B1BB5004BEF29 /* offset.swift */; };
		A92FFAC72465458200676BF4 /* AppDelegate.swift in Sources */ = {isa = PBXBuildFile; fileRef = A92FFAC62465458200676BF4 /* AppDelegate.swift */; };
		A92FFAC92465458200676BF4 /* SceneDelegate.swift in Sources */ = {isa = PBXBuildFile; fileRef = A92FFAC82465458200676BF4 /* SceneDelegate.swift */; };
		A92FFACB2465458200676BF4 /* ViewController.swift in Sources */ = {isa = PBXBuildFile; fileRef = A92FFACA2465458200676BF4 /* ViewController.swift */; };
		A92FFACE2465458200676BF4 /* Main.storyboard in Resources */ = {isa = PBXBuildFile; fileRef = A92FFACC2465458200676BF4 /* Main.storyboard */; };
		A92FFAD02465458300676BF4 /* Assets.xcassets in Resources */ = {isa = PBXBuildFile; fileRef = A92FFACF2465458300676BF4 /* Assets.xcassets */; };
		A92FFAD32465458300676BF4 /* LaunchScreen.storyboard in Resources */ = {isa = PBXBuildFile; fileRef = A92FFAD12465458300676BF4 /* LaunchScreen.storyboard */; };
		A92FFADB2465516D00676BF4 /* CustomView1.swift in Sources */ = {isa = PBXBuildFile; fileRef = A92FFADA2465516D00676BF4 /* CustomView1.swift */; };
/* End PBXBuildFile section */

/* Begin PBXFileReference section */
		5415D338246B1BB5004BEF29 /* offset.swift */ = {isa = PBXFileReference; lastKnownFileType = sourcecode.swift; path = offset.swift; sourceTree = "<group>"; };
		A92FFAC32465458200676BF4 /* ChuaBaiTapScrollView.app */ = {isa = PBXFileReference; explicitFileType = wrapper.application; includeInIndex = 0; path = ChuaBaiTapScrollView.app; sourceTree = BUILT_PRODUCTS_DIR; };
		A92FFAC62465458200676BF4 /* AppDelegate.swift */ = {isa = PBXFileReference; lastKnownFileType = sourcecode.swift; path = AppDelegate.swift; sourceTree = "<group>"; };
		A92FFAC82465458200676BF4 /* SceneDelegate.swift */ = {isa = PBXFileReference; lastKnownFileType = sourcecode.swift; path = SceneDelegate.swift; sourceTree = "<group>"; };
		A92FFACA2465458200676BF4 /* ViewController.swift */ = {isa = PBXFileReference; lastKnownFileType = sourcecode.swift; path = ViewController.swift; sourceTree = "<group>"; };
		A92FFACD2465458200676BF4 /* Base */ = {isa = PBXFileReference; lastKnownFileType = file.storyboard; name = Base; path = Base.lproj/Main.storyboard; sourceTree = "<group>"; };
		A92FFACF2465458300676BF4 /* Assets.xcassets */ = {isa = PBXFileReference; lastKnownFileType = folder.assetcatalog; path = Assets.xcassets; sourceTree = "<group>"; };
		A92FFAD22465458300676BF4 /* Base */ = {isa = PBXFileReference; lastKnownFileType = file.storyboard; name = Base; path = Base.lproj/LaunchScreen.storyboard; sourceTree = "<group>"; };
		A92FFAD42465458300676BF4 /* Info.plist */ = {isa = PBXFileReference; lastKnownFileType = text.plist.xml; path = Info.plist; sourceTree = "<group>"; };
		A92FFADA2465516D00676BF4 /* CustomView1.swift */ = {isa = PBXFileReference; lastKnownFileType = sourcecode.swift; path = CustomView1.swift; sourceTree = "<group>"; };
/* End PBXFileReference section */

/* Begin PBXFrameworksBuildPhase section */
		A92FFAC02465458200676BF4 /* Frameworks */ = {
			isa = PBXFrameworksBuildPhase;
			buildActionMask = 2147483647;
			files = (
			);
			runOnlyForDeploymentPostprocessing = 0;
		};
/* End PBXFrameworksBuildPhase section */

/* Begin PBXGroup section */
		A92FFABA2465458200676BF4 = {
			isa = PBXGroup;
			children = (
				A92FFAC52465458200676BF4 /* ChuaBaiTapScrollView */,
				A92FFAC42465458200676BF4 /* Products */,
			);
			sourceTree = "<group>";
		};
		A92FFAC42465458200676BF4 /* Products */ = {
			isa = PBXGroup;
			children = (
				A92FFAC32465458200676BF4 /* ChuaBaiTapScrollView.app */,
			);
			name = Products;
			sourceTree = "<group>";
		};
		A92FFAC52465458200676BF4 /* ChuaBaiTapScrollView */ = {
			isa = PBXGroup;
			children = (
				A92FFAC62465458200676BF4 /* AppDelegate.swift */,
				A92FFAC82465458200676BF4 /* SceneDelegate.swift */,
				A92FFACA2465458200676BF4 /* ViewController.swift */,
				A92FFACC2465458200676BF4 /* Main.storyboard */,
				A92FFACF2465458300676BF4 /* Assets.xcassets */,
				A92FFAD12465458300676BF4 /* LaunchScreen.storyboard */,
				A92FFAD42465458300676BF4 /* Info.plist */,
				5415D338246B1BB5004BEF29 /* offset.swift */,
				A92FFADA2465516D00676BF4 /* CustomView1.swift */,
			);
			path = ChuaBaiTapScrollView;
			sourceTree = "<group>";
		};
/* End PBXGroup section */

/* Begin PBXNativeTarget section */
		A92FFAC22465458200676BF4 /* ChuaBaiTapScrollView */ = {
			isa = PBXNativeTarget;
			buildConfigurationList = A92FFAD72465458300676BF4 /* Build configuration list for PBXNativeTarget "ChuaBaiTapScrollView" */;
			buildPhases = (
				A92FFABF2465458200676BF4 /* Sources */,
				A92FFAC02465458200676BF4 /* Frameworks */,
				A92FFAC12465458200676BF4 /* Resources */,
			);
			buildRules = (
			);
			dependencies = (
			);
			name = ChuaBaiTapScrollView;
			productName = ChuaBaiTapScrollView;
			productReference = A92FFAC32465458200676BF4 /* ChuaBaiTapScrollView.app */;
			productType = "com.apple.product-type.application";
		};
/* End PBXNativeTarget section */

/* Begin PBXProject section */
		A92FFABB2465458200676BF4 /* Project object */ = {
			isa = PBXProject;
			attributes = {
				LastSwiftUpdateCheck = 1140;
				LastUpgradeCheck = 1140;
				ORGANIZATIONNAME = taoquynh;
				TargetAttributes = {
					A92FFAC22465458200676BF4 = {
						CreatedOnToolsVersion = 11.4.1;
					};
				};
			};
			buildConfigurationList = A92FFABE2465458200676BF4 /* Build configuration list for PBXProject "ChuaBaiTapScrollView" */;
			compatibilityVersion = "Xcode 9.3";
			developmentRegion = en;
			hasScannedForEncodings = 0;
			knownRegions = (
				en,
				Base,
			);
			mainGroup = A92FFABA2465458200676BF4;
			productRefGroup = A92FFAC42465458200676BF4 /* Products */;
			projectDirPath = "";
			projectRoot = "";
			targets = (
				A92FFAC22465458200676BF4 /* ChuaBaiTapScrollView */,
			);
		};
/* End PBXProject section */

/* Begin PBXResourcesBuildPhase section */
		A92FFAC12465458200676BF4 /* Resources */ = {
			isa = PBXResourcesBuildPhase;
			buildActionMask = 2147483647;
			files = (
				A92FFAD32465458300676BF4 /* LaunchScreen.storyboard in Resources */,
				A92FFAD02465458300676BF4 /* Assets.xcassets in Resources */,
				A92FFACE2465458200676BF4 /* Main.storyboard in Resources */,
			);
			runOnlyForDeploymentPostprocessing = 0;
		};
/* End PBXResourcesBuildPhase section */

/* Begin PBXSourcesBuildPhase section */
		A92FFABF2465458200676BF4 /* Sources */ = {
			isa = PBXSourcesBuildPhase;
			buildActionMask = 2147483647;
			files = (
				A92FFACB2465458200676BF4 /* ViewController.swift in Sources */,
				A92FFAC72465458200676BF4 /* AppDelegate.swift in Sources */,
				5415D339246B1BB5004BEF29 /* offset.swift in Sources */,
				A92FFAC92465458200676BF4 /* SceneDelegate.swift in Sources */,
				A92FFADB2465516D00676BF4 /* CustomView1.swift in Sources */,
			);
			runOnlyForDeploymentPostprocessing = 0;
		};
/* End PBXSourcesBuildPhase section */

/* Begin PBXVariantGroup section */
		A92FFACC2465458200676BF4 /* Main.storyboard */ = {
			isa = PBXVariantGroup;
			children = (
				A92FFACD2465458200676BF4 /* Base */,
			);
			name = Main.storyboard;
			sourceTree = "<group>";
		};
		A92FFAD12465458300676BF4 /* LaunchScreen.storyboard */ = {
			isa = PBXVariantGroup;
			children = (
				A92FFAD22465458300676BF4 /* Base */,
			);
			name = LaunchScreen.storyboard;
			sourceTree = "<group>";
		};
/* End PBXVariantGroup section */

/* Begin XCBuildConfiguration section */
		A92FFAD52465458300676BF4 /* Debug */ = {
			isa = XCBuildConfiguration;
			buildSettings = {
				ALWAYS_SEARCH_USER_PATHS = NO;
				CLANG_ANALYZER_NONNULL = YES;
				CLANG_ANALYZER_NUMBER_OBJECT_CONVERSION = YES_AGGRESSIVE;
				CLANG_CXX_LANGUAGE_STANDARD = "gnu++14";
				CLANG_CXX_LIBRARY = "libc++";
				CLANG_ENABLE_MODULES = YES;
				CLANG_ENABLE_OBJC_ARC = YES;
				CLANG_ENABLE_OBJC_WEAK = YES;
				CLANG_WARN_BLOCK_CAPTURE_AUTORELEASING = YES;
				CLANG_WARN_BOOL_CONVERSION = YES;
				CLANG_WARN_COMMA = YES;
				CLANG_WARN_CONSTANT_CONVERSION = YES;
				CLANG_WARN_DEPRECATED_OBJC_IMPLEMENTATIONS = YES;
				CLANG_WARN_DIRECT_OBJC_ISA_USAGE = YES_ERROR;
				CLANG_WARN_DOCUMENTATION_COMMENTS = YES;
				CLANG_WARN_EMPTY_BODY = YES;
				CLANG_WARN_ENUM_CONVERSION = YES;
				CLANG_WARN_INFINITE_RECURSION = YES;
				CLANG_WARN_INT_CONVERSION = YES;
				CLANG_WARN_NON_LITERAL_NULL_CONVERSION = YES;
				CLANG_WARN_OBJC_IMPLICIT_RETAIN_SELF = YES;
				CLANG_WARN_OBJC_LITERAL_CONVERSION = YES;
				CLANG_WARN_OBJC_ROOT_CLASS = YES_ERROR;
				CLANG_WARN_RANGE_LOOP_ANALYSIS = YES;
				CLANG_WARN_STRICT_PROTOTYPES = YES;
				CLANG_WARN_SUSPICIOUS_MOVE = YES;
				CLANG_WARN_UNGUARDED_AVAILABILITY = YES_AGGRESSIVE;
				CLANG_WARN_UNREACHABLE_CODE = YES;
				CLANG_WARN__DUPLICATE_METHOD_MATCH = YES;
				COPY_PHASE_STRIP = NO;
				DEBUG_INFORMATION_FORMAT = dwarf;
				ENABLE_STRICT_OBJC_MSGSEND = YES;
				ENABLE_TESTABILITY = YES;
				GCC_C_LANGUAGE_STANDARD = gnu11;
				GCC_DYNAMIC_NO_PIC = NO;
				GCC_NO_COMMON_BLOCKS = YES;
				GCC_OPTIMIZATION_LEVEL = 0;
				GCC_PREPROCESSOR_DEFINITIONS = (
					"DEBUG=1",
					"$(inherited)",
				);
				GCC_WARN_64_TO_32_BIT_CONVERSION = YES;
				GCC_WARN_ABOUT_RETURN_TYPE = YES_ERROR;
				GCC_WARN_UNDECLARED_SELECTOR = YES;
				GCC_WARN_UNINITIALIZED_AUTOS = YES_AGGRESSIVE;
				GCC_WARN_UNUSED_FUNCTION = YES;
				GCC_WARN_UNUSED_VARIABLE = YES;
				IPHONEOS_DEPLOYMENT_TARGET = 13.4;
				MTL_ENABLE_DEBUG_INFO = INCLUDE_SOURCE;
				MTL_FAST_MATH = YES;
				ONLY_ACTIVE_ARCH = YES;
				SDKROOT = iphoneos;
				SWIFT_ACTIVE_COMPILATION_CONDITIONS = DEBUG;
				SWIFT_OPTIMIZATION_LEVEL = "-Onone";
			};
			name = Debug;
		};
		A92FFAD62465458300676BF4 /* Release */ = {
			isa = XCBuildConfiguration;
			buildSettings = {
				ALWAYS_SEARCH_USER_PATHS = NO;
				CLANG_ANALYZER_NONNULL = YES;
				CLANG_ANALYZER_NUMBER_OBJECT_CONVERSION = YES_AGGRESSIVE;
				CLANG_CXX_LANGUAGE_STANDARD = "gnu++14";
				CLANG_CXX_LIBRARY = "libc++";
				CLANG_ENABLE_MODULES = YES;
				CLANG_ENABLE_OBJC_ARC = YES;
				CLANG_ENABLE_OBJC_WEAK = YES;
				CLANG_WARN_BLOCK_CAPTURE_AUTORELEASING = YES;
				CLANG_WARN_BOOL_CONVERSION = YES;
				CLANG_WARN_COMMA = YES;
				CLANG_WARN_CONSTANT_CONVERSION = YES;
				CLANG_WARN_DEPRECATED_OBJC_IMPLEMENTATIONS = YES;
				CLANG_WARN_DIRECT_OBJC_ISA_USAGE = YES_ERROR;
				CLANG_WARN_DOCUMENTATION_COMMENTS = YES;
				CLANG_WARN_EMPTY_BODY = YES;
				CLANG_WARN_ENUM_CONVERSION = YES;
				CLANG_WARN_INFINITE_RECURSION = YES;
				CLANG_WARN_INT_CONVERSION = YES;
				CLANG_WARN_NON_LITERAL_NULL_CONVERSION = YES;
				CLANG_WARN_OBJC_IMPLICIT_RETAIN_SELF = YES;
				CLANG_WARN_OBJC_LITERAL_CONVERSION = YES;
				CLANG_WARN_OBJC_ROOT_CLASS = YES_ERROR;
				CLANG_WARN_RANGE_LOOP_ANALYSIS = YES;
				CLANG_WARN_STRICT_PROTOTYPES = YES;
				CLANG_WARN_SUSPICIOUS_MOVE = YES;
				CLANG_WARN_UNGUARDED_AVAILABILITY = YES_AGGRESSIVE;
				CLANG_WARN_UNREACHABLE_CODE = YES;
				CLANG_WARN__DUPLICATE_METHOD_MATCH = YES;
				COPY_PHASE_STRIP = NO;
				DEBUG_INFORMATION_FORMAT = "dwarf-with-dsym";
				ENABLE_NS_ASSERTIONS = NO;
				ENABLE_STRICT_OBJC_MSGSEND = YES;
				GCC_C_LANGUAGE_STANDARD = gnu11;
				GCC_NO_COMMON_BLOCKS = YES;
				GCC_WARN_64_TO_32_BIT_CONVERSION = YES;
				GCC_WARN_ABOUT_RETURN_TYPE = YES_ERROR;
				GCC_WARN_UNDECLARED_SELECTOR = YES;
				GCC_WARN_UNINITIALIZED_AUTOS = YES_AGGRESSIVE;
				GCC_WARN_UNUSED_FUNCTION = YES;
				GCC_WARN_UNUSED_VARIABLE = YES;
				IPHONEOS_DEPLOYMENT_TARGET = 13.4;
				MTL_ENABLE_DEBUG_INFO = NO;
				MTL_FAST_MATH = YES;
				SDKROOT = iphoneos;
				SWIFT_COMPILATION_MODE = wholemodule;
				SWIFT_OPTIMIZATION_LEVEL = "-O";
				VALIDATE_PRODUCT = YES;
			};
			name = Release;
		};
		A92FFAD82465458300676BF4 /* Debug */ = {
			isa = XCBuildConfiguration;
			buildSettings = {
				ASSETCATALOG_COMPILER_APPICON_NAME = AppIcon;
				CODE_SIGN_STYLE = Automatic;
				DEVELOPMENT_TEAM = Z872JX6928;
				INFOPLIST_FILE = ChuaBaiTapScrollView/Info.plist;
				IPHONEOS_DEPLOYMENT_TARGET = 13.2;
				LD_RUNPATH_SEARCH_PATHS = (
					"$(inherited)",
					"@executable_path/Frameworks",
				);
				PRODUCT_BUNDLE_IDENTIFIER = taoquynh.ChuaBaiTapScrollView;
				PRODUCT_NAME = "$(TARGET_NAME)";
				SWIFT_VERSION = 5.0;
				TARGETED_DEVICE_FAMILY = "1,2";
			};
			name = Debug;
		};
		A92FFAD92465458300676BF4 /* Release */ = {
			isa = XCBuildConfiguration;
			buildSettings = {
				ASSETCATALOG_COMPILER_APPICON_NAME = AppIcon;
				CODE_SIGN_STYLE = Automatic;
				DEVELOPMENT_TEAM = Z872JX6928;
				INFOPLIST_FILE = ChuaBaiTapScrollView/Info.plist;
				IPHONEOS_DEPLOYMENT_TARGET = 13.2;
				LD_RUNPATH_SEARCH_PATHS = (
					"$(inherited)",
					"@executable_path/Frameworks",
				);
				PRODUCT_BUNDLE_IDENTIFIER = taoquynh.ChuaBaiTapScrollView;
				PRODUCT_NAME = "$(TARGET_NAME)";
				SWIFT_VERSION = 5.0;
				TARGETED_DEVICE_FAMILY = "1,2";
			};
			name = Release;
		};
/* End XCBuildConfiguration section */

/* Begin XCConfigurationList section */
		A92FFABE2465458200676BF4 /* Build configuration list for PBXProject "ChuaBaiTapScrollView" */ = {
			isa = XCConfigurationList;
			buildConfigurations = (
				A92FFAD52465458300676BF4 /* Debug */,
				A92FFAD62465458300676BF4 /* Release */,
			);
			defaultConfigurationIsVisible = 0;
			defaultConfigurationName = Release;
		};
		A92FFAD72465458300676BF4 /* Build configuration list for PBXNativeTarget "ChuaBaiTapScrollView" */ = {
			isa = XCConfigurationList;
			buildConfigurations = (
				A92FFAD82465458300676BF4 /* Debug */,
				A92FFAD92465458300676BF4 /* Release */,
			);
			defaultConfigurationIsVisible = 0;
			defaultConfigurationName = Release;
		};
/* End XCConfigurationList section */
	};
	rootObject = A92FFABB2465458200676BF4 /* Project object */;
}
